
Microsoft Visual Studio Solution File, Format Version 12.00
# Visual Studio Version 17
VisualStudioVersion = 17.5.002.0
MinimumVisualStudioVersion = 10.0.40219.1
Project("{9A19103F-16F7-4668-BE54-9A1E7A4F7556}") = "TodoListApp", "TodoListApp.csproj", "{FC1753E8-E926-4B7B-80A1-7CC2DCC19D3E}"
EndProject
Global
	GlobalSection(SolutionConfigurationPlatforms) = preSolution
		Debug|Any CPU = Debug|Any CPU
		Release|Any CPU = Release|Any CPU
	EndGlobalSection
	GlobalSection(ProjectConfigurationPlatforms) = postSolution
		{FC1753E8-E926-4B7B-80A1-7CC2DCC19D3E}.Debug|Any CPU.ActiveCfg = Debug|Any CPU
		{FC1753E8-E926-4B7B-80A1-7CC2DCC19D3E}.Debug|Any CPU.Build.0 = Debug|Any CPU
		{FC1753E8-E926-4B7B-80A1-7CC2DCC19D3E}.Release|Any CPU.ActiveCfg = Release|Any CPU
		{FC1753E8-E926-4B7B-80A1-7CC2DCC19D3E}.Release|Any CPU.Build.0 = Release|Any CPU
	EndGlobalSection
	GlobalSection(SolutionProperties) = preSolution
		HideSolutionNode = FALSE
	EndGlobalSection
	GlobalSection(ExtensibilityGlobals) = postSolution
		SolutionGuid = {53516533-FF35-44BF-AAD2-45E9243FE659}
	EndGlobalSection
EndGlobal
